
Microsoft Visual Studio Solution File, Format Version 12.00
# Visual Studio Version 17
VisualStudioVersion = 17.14.36511.14
MinimumVisualStudioVersion = 10.0.40219.1
Project("{FAE04EC0-301F-11D3-BF4B-00C04F79EFBC}") = "Orders.Backend", "Orders.Backend\Orders.Backend.csproj", "{4EEC8575-EB34-48B3-864D-9F346AE60FA3}"
EndProject
Project("{FAE04EC0-301F-11D3-BF4B-00C04F79EFBC}") = "Orders.Shared", "Orders.Shared\Orders.Shared.csproj", "{243743E8-9947-4699-8BD4-0DC176FCA84D}"
EndProject
Project("{FAE04EC0-301F-11D3-BF4B-00C04F79EFBC}") = "Orders.Frontend", "Orders.Frontend\Orders.Frontend.csproj", "{FE33B5D1-D6BE-F5C5-0E57-09A39A7B0FEF}"
EndProject
Global
	GlobalSection(SolutionConfigurationPlatforms) = preSolution
		Debug|Any CPU = Debug|Any CPU
		Release|Any CPU = Release|Any CPU
	EndGlobalSection
	GlobalSection(ProjectConfigurationPlatforms) = postSolution
		{4EEC8575-EB34-48B3-864D-9F346AE60FA3}.Debug|Any CPU.ActiveCfg = Debug|Any CPU
		{4EEC8575-EB34-48B3-864D-9F346AE60FA3}.Debug|Any CPU.Build.0 = Debug|Any CPU
		{4EEC8575-EB34-48B3-864D-9F346AE60FA3}.Release|Any CPU.ActiveCfg = Release|Any CPU
		{4EEC8575-EB34-48B3-864D-9F346AE60FA3}.Release|Any CPU.Build.0 = Release|Any CPU
		{243743E8-9947-4699-8BD4-0DC176FCA84D}.Debug|Any CPU.ActiveCfg = Debug|Any CPU
		{243743E8-9947-4699-8BD4-0DC176FCA84D}.Debug|Any CPU.Build.0 = Debug|Any CPU
		{243743E8-9947-4699-8BD4-0DC176FCA84D}.Release|Any CPU.ActiveCfg = Release|Any CPU
		{243743E8-9947-4699-8BD4-0DC176FCA84D}.Release|Any CPU.Build.0 = Release|Any CPU
		{FE33B5D1-D6BE-F5C5-0E57-09A39A7B0FEF}.Debug|Any CPU.ActiveCfg = Debug|Any CPU
		{FE33B5D1-D6BE-F5C5-0E57-09A39A7B0FEF}.Debug|Any CPU.Build.0 = Debug|Any CPU
		{FE33B5D1-D6BE-F5C5-0E57-09A39A7B0FEF}.Release|Any CPU.ActiveCfg = Release|Any CPU
		{FE33B5D1-D6BE-F5C5-0E57-09A39A7B0FEF}.Release|Any CPU.Build.0 = Release|Any CPU
	EndGlobalSection
	GlobalSection(SolutionProperties) = preSolution
		HideSolutionNode = FALSE
	EndGlobalSection
	GlobalSection(ExtensibilityGlobals) = postSolution
		SolutionGuid = {BD98142F-95EC-4F58-BBC6-E1B4585EEDD8}
	EndGlobalSection
EndGlobal
